
Microsoft Visual Studio Solution File, Format Version 12.00
# Visual Studio 15
VisualStudioVersion = 15.0.28307.1082
MinimumVisualStudioVersion = 10.0.40219.1
Project("{2150E333-8FDC-42A3-9474-1A3956D46DE8}") = "Infra.Bus", "Infra.Bus", "{1735B274-AE52-4D25-86B9-3923C2ADFCD6}"
EndProject
Project("{2150E333-8FDC-42A3-9474-1A3956D46DE8}") = "Infra.IoC", "Infra.IoC", "{B4097BDB-CB44-4F34-8F13-7A97123A1B94}"
EndProject
Project("{2150E333-8FDC-42A3-9474-1A3956D46DE8}") = "MicroServicios", "MicroServicios", "{277FBBD8-7B21-4B10-99BC-60DE7FD29785}"
EndProject
Project("{2150E333-8FDC-42A3-9474-1A3956D46DE8}") = "Presentation", "Presentation", "{CE9DD447-5B08-437A-AA2D-DA05130463AF}"
EndProject
Project("{FAE04EC0-301F-11D3-BF4B-00C04F79EFBC}") = "App.Infra.Bus", "App.Infra.Bus\App.Infra.Bus.csproj", "{F373440A-FDBF-4E35-817D-B4095898248D}"
EndProject
Project("{FAE04EC0-301F-11D3-BF4B-00C04F79EFBC}") = "App.Infra.IoC", "App.Infra.IoC\App.Infra.IoC.csproj", "{0BB7ABCE-E5A6-4E16-B234-4CC2C560916B}"
EndProject
Project("{2150E333-8FDC-42A3-9474-1A3956D46DE8}") = "Banking", "Banking", "{2A2C99BC-B2E7-4CD6-BB04-A3FA927872AA}"
EndProject
Project("{2150E333-8FDC-42A3-9474-1A3956D46DE8}") = "Transfer", "Transfer", "{D99DCE6D-39F8-4796-A16E-07A4BD2412B6}"
EndProject
Project("{2150E333-8FDC-42A3-9474-1A3956D46DE8}") = "Api", "Api", "{5A28C98C-49A7-403B-A22E-D621122AE07F}"
EndProject
Project("{2150E333-8FDC-42A3-9474-1A3956D46DE8}") = "Application", "Application", "{E6F84A0F-64BF-4E6E-9528-4B97B7E7ABC4}"
EndProject
Project("{2150E333-8FDC-42A3-9474-1A3956D46DE8}") = "Data", "Data", "{C030E9DC-845A-4E36-8E5F-4D4180E9590D}"
EndProject
Project("{2150E333-8FDC-42A3-9474-1A3956D46DE8}") = "Domain", "Domain", "{708F0AF2-6BFF-4CBA-ADC7-531367C0C2B7}"
EndProject
Project("{FAE04EC0-301F-11D3-BF4B-00C04F79EFBC}") = "App.Banking.Application", "App.Banking.Application\App.Banking.Application.csproj", "{C11069C3-3B1F-4D5B-88FC-36533DA1E01F}"
EndProject
Project("{FAE04EC0-301F-11D3-BF4B-00C04F79EFBC}") = "App.Banking.Data", "App.Banking.Data\App.Banking.Data.csproj", "{81080041-6EB7-43F3-A797-F6F2CC5CC9F1}"
EndProject
Project("{2150E333-8FDC-42A3-9474-1A3956D46DE8}") = "Domain", "Domain", "{144C589C-6101-437B-ADCB-2C98AF69A945}"
EndProject
Project("{9A19103F-16F7-4668-BE54-9A1E7A4F7556}") = "App.Domain.Core", "App.Domain.Core\App.Domain.Core.csproj", "{FD29DAFB-7F86-4158-8BD9-4471D0010836}"
EndProject
Project("{FAE04EC0-301F-11D3-BF4B-00C04F79EFBC}") = "App.Banking.Domain", "App.Banking.Domain\App.Banking.Domain.csproj", "{0515AA17-B463-472F-ADA1-68A6C106D998}"
EndProject
Project("{FAE04EC0-301F-11D3-BF4B-00C04F79EFBC}") = "App.Banking.Api", "App.Banking.Api\App.Banking.Api.csproj", "{F2B8BC81-C3A6-40C8-A2F1-3F311AF7FFA0}"
EndProject
Global
	GlobalSection(SolutionConfigurationPlatforms) = preSolution
		Debug|Any CPU = Debug|Any CPU
		Release|Any CPU = Release|Any CPU
	EndGlobalSection
	GlobalSection(ProjectConfigurationPlatforms) = postSolution
		{F373440A-FDBF-4E35-817D-B4095898248D}.Debug|Any CPU.ActiveCfg = Debug|Any CPU
		{F373440A-FDBF-4E35-817D-B4095898248D}.Debug|Any CPU.Build.0 = Debug|Any CPU
		{F373440A-FDBF-4E35-817D-B4095898248D}.Release|Any CPU.ActiveCfg = Release|Any CPU
		{F373440A-FDBF-4E35-817D-B4095898248D}.Release|Any CPU.Build.0 = Release|Any CPU
		{0BB7ABCE-E5A6-4E16-B234-4CC2C560916B}.Debug|Any CPU.ActiveCfg = Debug|Any CPU
		{0BB7ABCE-E5A6-4E16-B234-4CC2C560916B}.Debug|Any CPU.Build.0 = Debug|Any CPU
		{0BB7ABCE-E5A6-4E16-B234-4CC2C560916B}.Release|Any CPU.ActiveCfg = Release|Any CPU
		{0BB7ABCE-E5A6-4E16-B234-4CC2C560916B}.Release|Any CPU.Build.0 = Release|Any CPU
		{C11069C3-3B1F-4D5B-88FC-36533DA1E01F}.Debug|Any CPU.ActiveCfg = Debug|Any CPU
		{C11069C3-3B1F-4D5B-88FC-36533DA1E01F}.Debug|Any CPU.Build.0 = Debug|Any CPU
		{C11069C3-3B1F-4D5B-88FC-36533DA1E01F}.Release|Any CPU.ActiveCfg = Release|Any CPU
		{C11069C3-3B1F-4D5B-88FC-36533DA1E01F}.Release|Any CPU.Build.0 = Release|Any CPU
		{81080041-6EB7-43F3-A797-F6F2CC5CC9F1}.Debug|Any CPU.ActiveCfg = Debug|Any CPU
		{81080041-6EB7-43F3-A797-F6F2CC5CC9F1}.Debug|Any CPU.Build.0 = Debug|Any CPU
		{81080041-6EB7-43F3-A797-F6F2CC5CC9F1}.Release|Any CPU.ActiveCfg = Release|Any CPU
		{81080041-6EB7-43F3-A797-F6F2CC5CC9F1}.Release|Any CPU.Build.0 = Release|Any CPU
		{FD29DAFB-7F86-4158-8BD9-4471D0010836}.Debug|Any CPU.ActiveCfg = Debug|Any CPU
		{FD29DAFB-7F86-4158-8BD9-4471D0010836}.Debug|Any CPU.Build.0 = Debug|Any CPU
		{FD29DAFB-7F86-4158-8BD9-4471D0010836}.Release|Any CPU.ActiveCfg = Release|Any CPU
		{FD29DAFB-7F86-4158-8BD9-4471D0010836}.Release|Any CPU.Build.0 = Release|Any CPU
		{0515AA17-B463-472F-ADA1-68A6C106D998}.Debug|Any CPU.ActiveCfg = Debug|Any CPU
		{0515AA17-B463-472F-ADA1-68A6C106D998}.Debug|Any CPU.Build.0 = Debug|Any CPU
		{0515AA17-B463-472F-ADA1-68A6C106D998}.Release|Any CPU.ActiveCfg = Release|Any CPU
		{0515AA17-B463-472F-ADA1-68A6C106D998}.Release|Any CPU.Build.0 = Release|Any CPU
		{F2B8BC81-C3A6-40C8-A2F1-3F311AF7FFA0}.Debug|Any CPU.ActiveCfg = Debug|Any CPU
		{F2B8BC81-C3A6-40C8-A2F1-3F311AF7FFA0}.Debug|Any CPU.Build.0 = Debug|Any CPU
		{F2B8BC81-C3A6-40C8-A2F1-3F311AF7FFA0}.Release|Any CPU.ActiveCfg = Release|Any CPU
		{F2B8BC81-C3A6-40C8-A2F1-3F311AF7FFA0}.Release|Any CPU.Build.0 = Release|Any CPU
	EndGlobalSection
	GlobalSection(SolutionProperties) = preSolution
		HideSolutionNode = FALSE
	EndGlobalSection
	GlobalSection(NestedProjects) = preSolution
		{F373440A-FDBF-4E35-817D-B4095898248D} = {1735B274-AE52-4D25-86B9-3923C2ADFCD6}
		{0BB7ABCE-E5A6-4E16-B234-4CC2C560916B} = {B4097BDB-CB44-4F34-8F13-7A97123A1B94}
		{2A2C99BC-B2E7-4CD6-BB04-A3FA927872AA} = {277FBBD8-7B21-4B10-99BC-60DE7FD29785}
		{D99DCE6D-39F8-4796-A16E-07A4BD2412B6} = {277FBBD8-7B21-4B10-99BC-60DE7FD29785}
		{5A28C98C-49A7-403B-A22E-D621122AE07F} = {2A2C99BC-B2E7-4CD6-BB04-A3FA927872AA}
		{E6F84A0F-64BF-4E6E-9528-4B97B7E7ABC4} = {2A2C99BC-B2E7-4CD6-BB04-A3FA927872AA}
		{C030E9DC-845A-4E36-8E5F-4D4180E9590D} = {2A2C99BC-B2E7-4CD6-BB04-A3FA927872AA}
		{708F0AF2-6BFF-4CBA-ADC7-531367C0C2B7} = {2A2C99BC-B2E7-4CD6-BB04-A3FA927872AA}
		{C11069C3-3B1F-4D5B-88FC-36533DA1E01F} = {E6F84A0F-64BF-4E6E-9528-4B97B7E7ABC4}
		{81080041-6EB7-43F3-A797-F6F2CC5CC9F1} = {C030E9DC-845A-4E36-8E5F-4D4180E9590D}
		{FD29DAFB-7F86-4158-8BD9-4471D0010836} = {144C589C-6101-437B-ADCB-2C98AF69A945}
		{0515AA17-B463-472F-ADA1-68A6C106D998} = {708F0AF2-6BFF-4CBA-ADC7-531367C0C2B7}
		{F2B8BC81-C3A6-40C8-A2F1-3F311AF7FFA0} = {5A28C98C-49A7-403B-A22E-D621122AE07F}
	EndGlobalSection
	GlobalSection(ExtensibilityGlobals) = postSolution
		SolutionGuid = {0B24884B-BFF8-487C-8D12-ECBF86DF39F1}
	EndGlobalSection
EndGlobal
